
Microsoft Visual Studio Solution File, Format Version 12.00
# Visual Studio 15
VisualStudioVersion = 15.0.28010.2026
MinimumVisualStudioVersion = 10.0.40219.1
Project("{2150E333-8FDC-42A3-9474-1A3956D46DE8}") = ".paket", ".paket", "{D9F2B862-8ED5-4636-8877-A3FFD8DE71B2}"
	ProjectSection(SolutionItems) = preProject
		.editorconfig = .editorconfig
		.gitattributes = .gitattributes
		.gitignore = .gitignore
		appveyor.yml = appveyor.yml
		LICENSE = LICENSE
		paket.dependencies = paket.dependencies
		paket.lock = paket.lock
		.paket\Paket.Restore.targets = .paket\Paket.Restore.targets
		.paket\paket.targets = .paket\paket.targets
		README.md = README.md
		.paket\Readme.paket.md = .paket\Readme.paket.md
		RELEASE_NOTES.md = RELEASE_NOTES.md
	EndProjectSection
EndProject
Project("{2150E333-8FDC-42A3-9474-1A3956D46DE8}") = "tools", "tools", "{1575C8DB-FD83-45A0-8C19-F2FFC3D8EEFC}"
	ProjectSection(SolutionItems) = preProject
		.paket\tools\install.ps1 = .paket\tools\install.ps1
		.paket\tools\uninstall.ps1 = .paket\tools\uninstall.ps1
	EndProjectSection
EndProject
Project("{9A19103F-16F7-4668-BE54-9A1E7A4F7556}") = "ValidCode", "ValidCode\ValidCode.csproj", "{DDA5D6EE-FB0C-4443-81B2-CA8ED0C064C8}"
EndProject
Project("{2150E333-8FDC-42A3-9474-1A3956D46DE8}") = ".docs", ".docs", "{1C271AF2-C36F-4734-BBC6-89B969FEDDA2}"
	ProjectSection(SolutionItems) = preProject
		documentation\ASP001.md = documentation\ASP001.md
		documentation\ASP002.md = documentation\ASP002.md
		documentation\ASP003.md = documentation\ASP003.md
		documentation\ASP004.md = documentation\ASP004.md
		documentation\ASP006.md = documentation\ASP006.md
		README.md = README.md
		RELEASE_NOTES.md = RELEASE_NOTES.md
	EndProjectSection
EndProject
Project("{9A19103F-16F7-4668-BE54-9A1E7A4F7556}") = "AspNetCoreAnalyzers", "AspNetCoreAnalyzers\AspNetCoreAnalyzers.csproj", "{11B2B4B8-1346-493C-8DFF-74A2FF4BCBED}"
EndProject
Project("{9A19103F-16F7-4668-BE54-9A1E7A4F7556}") = "AspNetCoreAnalyzers.Tests", "AspNetCoreAnalyzers.Tests\AspNetCoreAnalyzers.Tests.csproj", "{E01629C2-E7D9-401A-BCE4-53A2589A1437}"
EndProject
Project("{9A19103F-16F7-4668-BE54-9A1E7A4F7556}") = "AspNetCoreAnalyzers.Vsix", "AspNetCoreAnalyzers.Vsix\AspNetCoreAnalyzers.Vsix.csproj", "{FF23F85E-88F9-4AB4-B25A-618FE98F0AED}"
EndProject
Global
	GlobalSection(SolutionConfigurationPlatforms) = preSolution
		Debug|Any CPU = Debug|Any CPU
		Release|Any CPU = Release|Any CPU
	EndGlobalSection
	GlobalSection(ProjectConfigurationPlatforms) = postSolution
		{DDA5D6EE-FB0C-4443-81B2-CA8ED0C064C8}.Debug|Any CPU.ActiveCfg = Debug|Any CPU
		{DDA5D6EE-FB0C-4443-81B2-CA8ED0C064C8}.Debug|Any CPU.Build.0 = Debug|Any CPU
		{DDA5D6EE-FB0C-4443-81B2-CA8ED0C064C8}.Release|Any CPU.ActiveCfg = Release|Any CPU
		{DDA5D6EE-FB0C-4443-81B2-CA8ED0C064C8}.Release|Any CPU.Build.0 = Release|Any CPU
		{11B2B4B8-1346-493C-8DFF-74A2FF4BCBED}.Debug|Any CPU.ActiveCfg = Debug|Any CPU
		{11B2B4B8-1346-493C-8DFF-74A2FF4BCBED}.Debug|Any CPU.Build.0 = Debug|Any CPU
		{11B2B4B8-1346-493C-8DFF-74A2FF4BCBED}.Release|Any CPU.ActiveCfg = Release|Any CPU
		{11B2B4B8-1346-493C-8DFF-74A2FF4BCBED}.Release|Any CPU.Build.0 = Release|Any CPU
		{E01629C2-E7D9-401A-BCE4-53A2589A1437}.Debug|Any CPU.ActiveCfg = Debug|Any CPU
		{E01629C2-E7D9-401A-BCE4-53A2589A1437}.Debug|Any CPU.Build.0 = Debug|Any CPU
		{E01629C2-E7D9-401A-BCE4-53A2589A1437}.Release|Any CPU.ActiveCfg = Release|Any CPU
		{E01629C2-E7D9-401A-BCE4-53A2589A1437}.Release|Any CPU.Build.0 = Release|Any CPU
		{FF23F85E-88F9-4AB4-B25A-618FE98F0AED}.Debug|Any CPU.ActiveCfg = Debug|Any CPU
		{FF23F85E-88F9-4AB4-B25A-618FE98F0AED}.Debug|Any CPU.Build.0 = Debug|Any CPU
		{FF23F85E-88F9-4AB4-B25A-618FE98F0AED}.Release|Any CPU.ActiveCfg = Release|Any CPU
		{FF23F85E-88F9-4AB4-B25A-618FE98F0AED}.Release|Any CPU.Build.0 = Release|Any CPU
	EndGlobalSection
	GlobalSection(SolutionProperties) = preSolution
		HideSolutionNode = FALSE
	EndGlobalSection
	GlobalSection(NestedProjects) = preSolution
		{1575C8DB-FD83-45A0-8C19-F2FFC3D8EEFC} = {D9F2B862-8ED5-4636-8877-A3FFD8DE71B2}
	EndGlobalSection
	GlobalSection(ExtensibilityGlobals) = postSolution
		SolutionGuid = {FD0A2BC3-7755-443C-966D-3332874DF025}
	EndGlobalSection
EndGlobal
